
Microsoft Visual Studio Solution File, Format Version 12.00
# Visual Studio Version 17
VisualStudioVersion = 17.9.34616.47
MinimumVisualStudioVersion = 10.0.40219.1
Project("{FAE04EC0-301F-11D3-BF4B-00C04F79EFBC}") = "Paralel_Graph", "Paralel_Graph\Paralel_Graph.csproj", "{EFA8CBA1-8E1D-4714-BD2C-DF3153F5F369}"
EndProject
Global
	GlobalSection(SolutionConfigurationPlatforms) = preSolution
		Debug|Any CPU = Debug|Any CPU
		Release|Any CPU = Release|Any CPU
	EndGlobalSection
	GlobalSection(ProjectConfigurationPlatforms) = postSolution
		{EFA8CBA1-8E1D-4714-BD2C-DF3153F5F369}.Debug|Any CPU.ActiveCfg = Debug|Any CPU
		{EFA8CBA1-8E1D-4714-BD2C-DF3153F5F369}.Debug|Any CPU.Build.0 = Debug|Any CPU
		{EFA8CBA1-8E1D-4714-BD2C-DF3153F5F369}.Release|Any CPU.ActiveCfg = Release|Any CPU
		{EFA8CBA1-8E1D-4714-BD2C-DF3153F5F369}.Release|Any CPU.Build.0 = Release|Any CPU
	EndGlobalSection
	GlobalSection(SolutionProperties) = preSolution
		HideSolutionNode = FALSE
	EndGlobalSection
	GlobalSection(ExtensibilityGlobals) = postSolution
		SolutionGuid = {A7F03340-A7AC-41A6-AB4D-0BB5DBE006C9}
	EndGlobalSection
EndGlobal
